
Microsoft Visual Studio Solution File, Format Version 12.00
# Visual Studio Version 17
VisualStudioVersion = 17.6.33717.318
MinimumVisualStudioVersion = 10.0.40219.1
Project("{9A19103F-16F7-4668-BE54-9A1E7A4F7556}") = "Transformer", "Transformer\Transformer.csproj", "{6F059445-8ECD-4FEB-A518-873D8FCA65D2}"
EndProject
Project("{9A19103F-16F7-4668-BE54-9A1E7A4F7556}") = "Transformer.Tests", "Transformer.Tests\Transformer.Tests.csproj", "{07179725-A753-46B6-B0C4-5E4D8E434224}"
EndProject
Project("{9A19103F-16F7-4668-BE54-9A1E7A4F7556}") = "InfiniteShakespeare", "InfiniteShakespeare\InfiniteShakespeare.csproj", "{03844C44-E51B-4EB0-A64C-98D046637E9B}"
EndProject
Project("{9A19103F-16F7-4668-BE54-9A1E7A4F7556}") = "CommitMessageGenerator", "CommitMessageGenerator\CommitMessageGenerator.csproj", "{B9D31888-F8A9-4CC2-A837-41AFDB0CF579}"
EndProject
Project("{9A19103F-16F7-4668-BE54-9A1E7A4F7556}") = "Connect4", "Connect4\Connect4.csproj", "{BCD797E6-8C62-479A-BE1D-0BD26B656D8B}"
EndProject
Global
	GlobalSection(SolutionConfigurationPlatforms) = preSolution
		Debug|Any CPU = Debug|Any CPU
		Release|Any CPU = Release|Any CPU
	EndGlobalSection
	GlobalSection(ProjectConfigurationPlatforms) = postSolution
		{6F059445-8ECD-4FEB-A518-873D8FCA65D2}.Debug|Any CPU.ActiveCfg = Debug|Any CPU
		{6F059445-8ECD-4FEB-A518-873D8FCA65D2}.Debug|Any CPU.Build.0 = Debug|Any CPU
		{6F059445-8ECD-4FEB-A518-873D8FCA65D2}.Release|Any CPU.ActiveCfg = Release|Any CPU
		{6F059445-8ECD-4FEB-A518-873D8FCA65D2}.Release|Any CPU.Build.0 = Release|Any CPU
		{07179725-A753-46B6-B0C4-5E4D8E434224}.Debug|Any CPU.ActiveCfg = Debug|Any CPU
		{07179725-A753-46B6-B0C4-5E4D8E434224}.Debug|Any CPU.Build.0 = Debug|Any CPU
		{07179725-A753-46B6-B0C4-5E4D8E434224}.Release|Any CPU.ActiveCfg = Release|Any CPU
		{07179725-A753-46B6-B0C4-5E4D8E434224}.Release|Any CPU.Build.0 = Release|Any CPU
		{03844C44-E51B-4EB0-A64C-98D046637E9B}.Debug|Any CPU.ActiveCfg = Debug|Any CPU
		{03844C44-E51B-4EB0-A64C-98D046637E9B}.Debug|Any CPU.Build.0 = Debug|Any CPU
		{03844C44-E51B-4EB0-A64C-98D046637E9B}.Release|Any CPU.ActiveCfg = Release|Any CPU
		{03844C44-E51B-4EB0-A64C-98D046637E9B}.Release|Any CPU.Build.0 = Release|Any CPU
		{B9D31888-F8A9-4CC2-A837-41AFDB0CF579}.Debug|Any CPU.ActiveCfg = Debug|Any CPU
		{B9D31888-F8A9-4CC2-A837-41AFDB0CF579}.Debug|Any CPU.Build.0 = Debug|Any CPU
		{B9D31888-F8A9-4CC2-A837-41AFDB0CF579}.Release|Any CPU.ActiveCfg = Release|Any CPU
		{B9D31888-F8A9-4CC2-A837-41AFDB0CF579}.Release|Any CPU.Build.0 = Release|Any CPU
		{BCD797E6-8C62-479A-BE1D-0BD26B656D8B}.Debug|Any CPU.ActiveCfg = Debug|Any CPU
		{BCD797E6-8C62-479A-BE1D-0BD26B656D8B}.Debug|Any CPU.Build.0 = Debug|Any CPU
		{BCD797E6-8C62-479A-BE1D-0BD26B656D8B}.Release|Any CPU.ActiveCfg = Release|Any CPU
		{BCD797E6-8C62-479A-BE1D-0BD26B656D8B}.Release|Any CPU.Build.0 = Release|Any CPU
	EndGlobalSection
	GlobalSection(SolutionProperties) = preSolution
		HideSolutionNode = FALSE
	EndGlobalSection
	GlobalSection(ExtensibilityGlobals) = postSolution
		SolutionGuid = {6FCECB02-82B2-455F-ACE2-07F9A51C7341}
	EndGlobalSection
EndGlobal
